
Microsoft Visual Studio Solution File, Format Version 12.00
# Visual Studio Version 17
VisualStudioVersion = 17.7.34031.279
MinimumVisualStudioVersion = 10.0.40219.1
Project("{FAE04EC0-301F-11D3-BF4B-00C04F79EFBC}") = "TareaOpcional", "TareaOpcional\TareaOpcional.csproj", "{10AAC903-F653-4467-ABC3-2123BC216BC3}"
EndProject
Global
	GlobalSection(SolutionConfigurationPlatforms) = preSolution
		Debug|Any CPU = Debug|Any CPU
		Release|Any CPU = Release|Any CPU
	EndGlobalSection
	GlobalSection(ProjectConfigurationPlatforms) = postSolution
		{10AAC903-F653-4467-ABC3-2123BC216BC3}.Debug|Any CPU.ActiveCfg = Debug|Any CPU
		{10AAC903-F653-4467-ABC3-2123BC216BC3}.Debug|Any CPU.Build.0 = Debug|Any CPU
		{10AAC903-F653-4467-ABC3-2123BC216BC3}.Release|Any CPU.ActiveCfg = Release|Any CPU
		{10AAC903-F653-4467-ABC3-2123BC216BC3}.Release|Any CPU.Build.0 = Release|Any CPU
	EndGlobalSection
	GlobalSection(SolutionProperties) = preSolution
		HideSolutionNode = FALSE
	EndGlobalSection
	GlobalSection(ExtensibilityGlobals) = postSolution
		SolutionGuid = {EAEBFD5F-ED19-40A6-86F1-33878F64B6EF}
	EndGlobalSection
EndGlobal
